{
    "name": "MOOC_node_mod1-eventos_entrega",
    "version": "0.0.0",
    "lockfileVersion": 2,
    "requires": true,
    "packages": {
        "": {
            "name": "MOOC_node_mod1-eventos_entrega",
            "version": "0.0.0",
            "license": "GNU",
            "engines": {
                "node": ">=16.8.0",
                "npm": ">=7.21.0"
            }
        }
    }
}
